
Microsoft Visual Studio Solution File, Format Version 12.00
# Visual Studio Version 17
VisualStudioVersion = 17.9.34701.34
MinimumVisualStudioVersion = 10.0.40219.1
Project("{9A19103F-16F7-4668-BE54-9A1E7A4F7556}") = "Loan Api", "Loan Api.csproj", "{C907A1D1-B557-43A2-A178-D10838926268}"
EndProject
Global
	GlobalSection(SolutionConfigurationPlatforms) = preSolution
		Debug|Any CPU = Debug|Any CPU
		Release|Any CPU = Release|Any CPU
	EndGlobalSection
	GlobalSection(ProjectConfigurationPlatforms) = postSolution
		{C907A1D1-B557-43A2-A178-D10838926268}.Debug|Any CPU.ActiveCfg = Debug|Any CPU
		{C907A1D1-B557-43A2-A178-D10838926268}.Debug|Any CPU.Build.0 = Debug|Any CPU
		{C907A1D1-B557-43A2-A178-D10838926268}.Release|Any CPU.ActiveCfg = Release|Any CPU
		{C907A1D1-B557-43A2-A178-D10838926268}.Release|Any CPU.Build.0 = Release|Any CPU
	EndGlobalSection
	GlobalSection(SolutionProperties) = preSolution
		HideSolutionNode = FALSE
	EndGlobalSection
	GlobalSection(ExtensibilityGlobals) = postSolution
		SolutionGuid = {D1C634AA-3FF4-4D34-B002-37E5C7C26AFA}
	EndGlobalSection
EndGlobal
